
Microsoft Visual Studio Solution File, Format Version 12.00
# Visual Studio Version 16
VisualStudioVersion = 16.0.30907.101
MinimumVisualStudioVersion = 10.0.40219.1
Project("{FAE04EC0-301F-11D3-BF4B-00C04F79EFBC}") = "MailTool", "MailTool\MailTool.csproj", "{DE4FA417-4E7F-4714-A70A-24E2CF489317}"
EndProject
Global
	GlobalSection(SolutionConfigurationPlatforms) = preSolution
		Debug|Any CPU = Debug|Any CPU
		Release|Any CPU = Release|Any CPU
	EndGlobalSection
	GlobalSection(ProjectConfigurationPlatforms) = postSolution
		{DE4FA417-4E7F-4714-A70A-24E2CF489317}.Debug|Any CPU.ActiveCfg = Debug|Any CPU
		{DE4FA417-4E7F-4714-A70A-24E2CF489317}.Debug|Any CPU.Build.0 = Debug|Any CPU
		{DE4FA417-4E7F-4714-A70A-24E2CF489317}.Release|Any CPU.ActiveCfg = Release|Any CPU
		{DE4FA417-4E7F-4714-A70A-24E2CF489317}.Release|Any CPU.Build.0 = Release|Any CPU
	EndGlobalSection
	GlobalSection(SolutionProperties) = preSolution
		HideSolutionNode = FALSE
	EndGlobalSection
	GlobalSection(ExtensibilityGlobals) = postSolution
		SolutionGuid = {38409921-1026-4617-8B7D-9D5669787B4A}
	EndGlobalSection
EndGlobal
